// !$*UTF8*$!
{
	archiveVersion = 1;
	classes = {
	};
	objectVersion = 56;
	objects = {

/* Begin PBXBuildFile section */
		6E28E6462C45B22B00AAA97C /* ColorTestAppApp.swift in Sources */ = {isa = PBXBuildFile; fileRef = 6E28E6452C45B22B00AAA97C /* ColorTestAppApp.swift */; };
		6E28E6482C45B22B00AAA97C /* ContentView.swift in Sources */ = {isa = PBXBuildFile; fileRef = 6E28E6472C45B22B00AAA97C /* ContentView.swift */; };
		6E28E64A2C45B22C00AAA97C /* Assets.xcassets in Resources */ = {isa = PBXBuildFile; fileRef = 6E28E6492C45B22C00AAA97C /* Assets.xcassets */; };
		6E28E64D2C45B22C00AAA97C /* Preview Assets.xcassets in Resources */ = {isa = PBXBuildFile; fileRef = 6E28E64C2C45B22C00AAA97C /* Preview Assets.xcassets */; };
		6E28E6572C45B22C00AAA97C /* ColorTestAppTests.swift in Sources */ = {isa = PBXBuildFile; fileRef = 6E28E6562C45B22C00AAA97C /* ColorTestAppTests.swift */; };
		6E28E6612C45B22C00AAA97C /* ColorTestAppUITests.swift in Sources */ = {isa = PBXBuildFile; fileRef = 6E28E6602C45B22C00AAA97C /* ColorTestAppUITests.swift */; };
		6E28E6632C45B22C00AAA97C /* ColorTestAppUITestsLaunchTests.swift in Sources */ = {isa = PBXBuildFile; fileRef = 6E28E6622C45B22C00AAA97C /* ColorTestAppUITestsLaunchTests.swift */; };
		6E28E6702C45B35500AAA97C /* ColorSlider.swift in Sources */ = {isa = PBXBuildFile; fileRef = 6E28E66F2C45B35500AAA97C /* ColorSlider.swift */; };
/* End PBXBuildFile section */

/* Begin PBXContainerItemProxy section */
		6E28E6532C45B22C00AAA97C /* PBXContainerItemProxy */ = {
			isa = PBXContainerItemProxy;
			containerPortal = 6E28E63A2C45B22B00AAA97C /* Project object */;
			proxyType = 1;
			remoteGlobalIDString = 6E28E6412C45B22B00AAA97C;
			remoteInfo = ColorTestApp;
		};
		6E28E65D2C45B22C00AAA97C /* PBXContainerItemProxy */ = {
			isa = PBXContainerItemProxy;
			containerPortal = 6E28E63A2C45B22B00AAA97C /* Project object */;
			proxyType = 1;
			remoteGlobalIDString = 6E28E6412C45B22B00AAA97C;
			remoteInfo = ColorTestApp;
		};
/* End PBXContainerItemProxy section */

/* Begin PBXFileReference section */
		6E28E6422C45B22B00AAA97C /* ColorTestApp.app */ = {isa = PBXFileReference; explicitFileType = wrapper.application; includeInIndex = 0; path = ColorTestApp.app; sourceTree = BUILT_PRODUCTS_DIR; };
		6E28E6452C45B22B00AAA97C /* ColorTestAppApp.swift */ = {isa = PBXFileReference; lastKnownFileType = sourcecode.swift; path = ColorTestAppApp.swift; sourceTree = "<group>"; };
		6E28E6472C45B22B00AAA97C /* ContentView.swift */ = {isa = PBXFileReference; lastKnownFileType = sourcecode.swift; path = ContentView.swift; sourceTree = "<group>"; };
		6E28E6492C45B22C00AAA97C /* Assets.xcassets */ = {isa = PBXFileReference; lastKnownFileType = folder.assetcatalog; path = Assets.xcassets; sourceTree = "<group>"; };
		6E28E64C2C45B22C00AAA97C /* Preview Assets.xcassets */ = {isa = PBXFileReference; lastKnownFileType = folder.assetcatalog; path = "Preview Assets.xcassets"; sourceTree = "<group>"; };
		6E28E6522C45B22C00AAA97C /* ColorTestAppTests.xctest */ = {isa = PBXFileReference; explicitFileType = wrapper.cfbundle; includeInIndex = 0; path = ColorTestAppTests.xctest; sourceTree = BUILT_PRODUCTS_DIR; };
		6E28E6562C45B22C00AAA97C /* ColorTestAppTests.swift */ = {isa = PBXFileReference; lastKnownFileType = sourcecode.swift; path = ColorTestAppTests.swift; sourceTree = "<group>"; };
		6E28E65C2C45B22C00AAA97C /* ColorTestAppUITests.xctest */ = {isa = PBXFileReference; explicitFileType = wrapper.cfbundle; includeInIndex = 0; path = ColorTestAppUITests.xctest; sourceTree = BUILT_PRODUCTS_DIR; };
		6E28E6602C45B22C00AAA97C /* ColorTestAppUITests.swift */ = {isa = PBXFileReference; lastKnownFileType = sourcecode.swift; path = ColorTestAppUITests.swift; sourceTree = "<group>"; };
		6E28E6622C45B22C00AAA97C /* ColorTestAppUITestsLaunchTests.swift */ = {isa = PBXFileReference; lastKnownFileType = sourcecode.swift; path = ColorTestAppUITestsLaunchTests.swift; sourceTree = "<group>"; };
		6E28E66F2C45B35500AAA97C /* ColorSlider.swift */ = {isa = PBXFileReference; lastKnownFileType = sourcecode.swift; path = ColorSlider.swift; sourceTree = "<group>"; };
/* End PBXFileReference section */

/* Begin PBXFrameworksBuildPhase section */
		6E28E63F2C45B22B00AAA97C /* Frameworks */ = {
			isa = PBXFrameworksBuildPhase;
			buildActionMask = 2147483647;
			files = (
			);
			runOnlyForDeploymentPostprocessing = 0;
		};
		6E28E64F2C45B22C00AAA97C /* Frameworks */ = {
			isa = PBXFrameworksBuildPhase;
			buildActionMask = 2147483647;
			files = (
			);
			runOnlyForDeploymentPostprocessing = 0;
		};
		6E28E6592C45B22C00AAA97C /* Frameworks */ = {
			isa = PBXFrameworksBuildPhase;
			buildActionMask = 2147483647;
			files = (
			);
			runOnlyForDeploymentPostprocessing = 0;
		};
/* End PBXFrameworksBuildPhase section */

/* Begin PBXGroup section */
		6E28E6392C45B22B00AAA97C = {
			isa = PBXGroup;
			children = (
				6E28E6442C45B22B00AAA97C /* ColorTestApp */,
				6E28E6552C45B22C00AAA97C /* ColorTestAppTests */,
				6E28E65F2C45B22C00AAA97C /* ColorTestAppUITests */,
				6E28E6432C45B22B00AAA97C /* Products */,
			);
			sourceTree = "<group>";
		};
		6E28E6432C45B22B00AAA97C /* Products */ = {
			isa = PBXGroup;
			children = (
				6E28E6422C45B22B00AAA97C /* ColorTestApp.app */,
				6E28E6522C45B22C00AAA97C /* ColorTestAppTests.xctest */,
				6E28E65C2C45B22C00AAA97C /* ColorTestAppUITests.xctest */,
			);
			name = Products;
			sourceTree = "<group>";
		};
		6E28E6442C45B22B00AAA97C /* ColorTestApp */ = {
			isa = PBXGroup;
			children = (
				6E28E6452C45B22B00AAA97C /* ColorTestAppApp.swift */,
				6E28E6472C45B22B00AAA97C /* ContentView.swift */,
				6E28E66F2C45B35500AAA97C /* ColorSlider.swift */,
				6E28E6492C45B22C00AAA97C /* Assets.xcassets */,
				6E28E64B2C45B22C00AAA97C /* Preview Content */,
			);
			path = ColorTestApp;
			sourceTree = "<group>";
		};
		6E28E64B2C45B22C00AAA97C /* Preview Content */ = {
			isa = PBXGroup;
			children = (
				6E28E64C2C45B22C00AAA97C /* Preview Assets.xcassets */,
			);
			path = "Preview Content";
			sourceTree = "<group>";
		};
		6E28E6552C45B22C00AAA97C /* ColorTestAppTests */ = {
			isa = PBXGroup;
			children = (
				6E28E6562C45B22C00AAA97C /* ColorTestAppTests.swift */,
			);
			path = ColorTestAppTests;
			sourceTree = "<group>";
		};
		6E28E65F2C45B22C00AAA97C /* ColorTestAppUITests */ = {
			isa = PBXGroup;
			children = (
				6E28E6602C45B22C00AAA97C /* ColorTestAppUITests.swift */,
				6E28E6622C45B22C00AAA97C /* ColorTestAppUITestsLaunchTests.swift */,
			);
			path = ColorTestAppUITests;
			sourceTree = "<group>";
		};
/* End PBXGroup section */

/* Begin PBXNativeTarget section */
		6E28E6412C45B22B00AAA97C /* ColorTestApp */ = {
			isa = PBXNativeTarget;
			buildConfigurationList = 6E28E6662C45B22C00AAA97C /* Build configuration list for PBXNativeTarget "ColorTestApp" */;
			buildPhases = (
				6E28E63E2C45B22B00AAA97C /* Sources */,
				6E28E63F2C45B22B00AAA97C /* Frameworks */,
				6E28E6402C45B22B00AAA97C /* Resources */,
			);
			buildRules = (
			);
			dependencies = (
			);
			name = ColorTestApp;
			productName = ColorTestApp;
			productReference = 6E28E6422C45B22B00AAA97C /* ColorTestApp.app */;
			productType = "com.apple.product-type.application";
		};
		6E28E6512C45B22C00AAA97C /* ColorTestAppTests */ = {
			isa = PBXNativeTarget;
			buildConfigurationList = 6E28E6692C45B22C00AAA97C /* Build configuration list for PBXNativeTarget "ColorTestAppTests" */;
			buildPhases = (
				6E28E64E2C45B22C00AAA97C /* Sources */,
				6E28E64F2C45B22C00AAA97C /* Frameworks */,
				6E28E6502C45B22C00AAA97C /* Resources */,
			);
			buildRules = (
			);
			dependencies = (
				6E28E6542C45B22C00AAA97C /* PBXTargetDependency */,
			);
			name = ColorTestAppTests;
			productName = ColorTestAppTests;
			productReference = 6E28E6522C45B22C00AAA97C /* ColorTestAppTests.xctest */;
			productType = "com.apple.product-type.bundle.unit-test";
		};
		6E28E65B2C45B22C00AAA97C /* ColorTestAppUITests */ = {
			isa = PBXNativeTarget;
			buildConfigurationList = 6E28E66C2C45B22C00AAA97C /* Build configuration list for PBXNativeTarget "ColorTestAppUITests" */;
			buildPhases = (
				6E28E6582C45B22C00AAA97C /* Sources */,
				6E28E6592C45B22C00AAA97C /* Frameworks */,
				6E28E65A2C45B22C00AAA97C /* Resources */,
			);
			buildRules = (
			);
			dependencies = (
				6E28E65E2C45B22C00AAA97C /* PBXTargetDependency */,
			);
			name = ColorTestAppUITests;
			productName = ColorTestAppUITests;
			productReference = 6E28E65C2C45B22C00AAA97C /* ColorTestAppUITests.xctest */;
			productType = "com.apple.product-type.bundle.ui-testing";
		};
/* End PBXNativeTarget section */

/* Begin PBXProject section */
		6E28E63A2C45B22B00AAA97C /* Project object */ = {
			isa = PBXProject;
			attributes = {
				BuildIndependentTargetsInParallel = 1;
				LastSwiftUpdateCheck = 1540;
				LastUpgradeCheck = 1540;
				TargetAttributes = {
					6E28E6412C45B22B00AAA97C = {
						CreatedOnToolsVersion = 15.4;
					};
					6E28E6512C45B22C00AAA97C = {
						CreatedOnToolsVersion = 15.4;
						TestTargetID = 6E28E6412C45B22B00AAA97C;
					};
					6E28E65B2C45B22C00AAA97C = {
						CreatedOnToolsVersion = 15.4;
						TestTargetID = 6E28E6412C45B22B00AAA97C;
					};
				};
			};
			buildConfigurationList = 6E28E63D2C45B22B00AAA97C /* Build configuration list for PBXProject "ColorTestApp" */;
			compatibilityVersion = "Xcode 14.0";
			developmentRegion = en;
			hasScannedForEncodings = 0;
			knownRegions = (
				en,
				Base,
			);
			mainGroup = 6E28E6392C45B22B00AAA97C;
			productRefGroup = 6E28E6432C45B22B00AAA97C /* Products */;
			projectDirPath = "";
			projectRoot = "";
			targets = (
				6E28E6412C45B22B00AAA97C /* ColorTestApp */,
				6E28E6512C45B22C00AAA97C /* ColorTestAppTests */,
				6E28E65B2C45B22C00AAA97C /* ColorTestAppUITests */,
			);
		};
/* End PBXProject section */

/* Begin PBXResourcesBuildPhase section */
		6E28E6402C45B22B00AAA97C /* Resources */ = {
			isa = PBXResourcesBuildPhase;
			buildActionMask = 2147483647;
			files = (
				6E28E64D2C45B22C00AAA97C /* Preview Assets.xcassets in Resources */,
				6E28E64A2C45B22C00AAA97C /* Assets.xcassets in Resources */,
			);
			runOnlyForDeploymentPostprocessing = 0;
		};
		6E28E6502C45B22C00AAA97C /* Resources */ = {
			isa = PBXResourcesBuildPhase;
			buildActionMask = 2147483647;
			files = (
			);
			runOnlyForDeploymentPostprocessing = 0;
		};
		6E28E65A2C45B22C00AAA97C /* Resources */ = {
			isa = PBXResourcesBuildPhase;
			buildActionMask = 2147483647;
			files = (
			);
			runOnlyForDeploymentPostprocessing = 0;
		};
/* End PBXResourcesBuildPhase section */

/* Begin PBXSourcesBuildPhase section */
		6E28E63E2C45B22B00AAA97C /* Sources */ = {
			isa = PBXSourcesBuildPhase;
			buildActionMask = 2147483647;
			files = (
				6E28E6482C45B22B00AAA97C /* ContentView.swift in Sources */,
				6E28E6702C45B35500AAA97C /* ColorSlider.swift in Sources */,
				6E28E6462C45B22B00AAA97C /* ColorTestAppApp.swift in Sources */,
			);
			runOnlyForDeploymentPostprocessing = 0;
		};
		6E28E64E2C45B22C00AAA97C /* Sources */ = {
			isa = PBXSourcesBuildPhase;
			buildActionMask = 2147483647;
			files = (
				6E28E6572C45B22C00AAA97C /* ColorTestAppTests.swift in Sources */,
			);
			runOnlyForDeploymentPostprocessing = 0;
		};
		6E28E6582C45B22C00AAA97C /* Sources */ = {
			isa = PBXSourcesBuildPhase;
			buildActionMask = 2147483647;
			files = (
				6E28E6632C45B22C00AAA97C /* ColorTestAppUITestsLaunchTests.swift in Sources */,
				6E28E6612C45B22C00AAA97C /* ColorTestAppUITests.swift in Sources */,
			);
			runOnlyForDeploymentPostprocessing = 0;
		};
/* End PBXSourcesBuildPhase section */

/* Begin PBXTargetDependency section */
		6E28E6542C45B22C00AAA97C /* PBXTargetDependency */ = {
			isa = PBXTargetDependency;
			target = 6E28E6412C45B22B00AAA97C /* ColorTestApp */;
			targetProxy = 6E28E6532C45B22C00AAA97C /* PBXContainerItemProxy */;
		};
		6E28E65E2C45B22C00AAA97C /* PBXTargetDependency */ = {
			isa = PBXTargetDependency;
			target = 6E28E6412C45B22B00AAA97C /* ColorTestApp */;
			targetProxy = 6E28E65D2C45B22C00AAA97C /* PBXContainerItemProxy */;
		};
/* End PBXTargetDependency section */

/* Begin XCBuildConfiguration section */
		6E28E6642C45B22C00AAA97C /* Debug */ = {
			isa = XCBuildConfiguration;
			buildSettings = {
				ALWAYS_SEARCH_USER_PATHS = NO;
				ASSETCATALOG_COMPILER_GENERATE_SWIFT_ASSET_SYMBOL_EXTENSIONS = YES;
				CLANG_ANALYZER_NONNULL = YES;
				CLANG_ANALYZER_NUMBER_OBJECT_CONVERSION = YES_AGGRESSIVE;
				CLANG_CXX_LANGUAGE_STANDARD = "gnu++20";
				CLANG_ENABLE_MODULES = YES;
				CLANG_ENABLE_OBJC_ARC = YES;
				CLANG_ENABLE_OBJC_WEAK = YES;
				CLANG_WARN_BLOCK_CAPTURE_AUTORELEASING = YES;
				CLANG_WARN_BOOL_CONVERSION = YES;
				CLANG_WARN_COMMA = YES;
				CLANG_WARN_CONSTANT_CONVERSION = YES;
				CLANG_WARN_DEPRECATED_OBJC_IMPLEMENTATIONS = YES;
				CLANG_WARN_DIRECT_OBJC_ISA_USAGE = YES_ERROR;
				CLANG_WARN_DOCUMENTATION_COMMENTS = YES;
				CLANG_WARN_EMPTY_BODY = YES;
				CLANG_WARN_ENUM_CONVERSION = YES;
				CLANG_WARN_INFINITE_RECURSION = YES;
				CLANG_WARN_INT_CONVERSION = YES;
				CLANG_WARN_NON_LITERAL_NULL_CONVERSION = YES;
				CLANG_WARN_OBJC_IMPLICIT_RETAIN_SELF = YES;
				CLANG_WARN_OBJC_LITERAL_CONVERSION = YES;
				CLANG_WARN_OBJC_ROOT_CLASS = YES_ERROR;
				CLANG_WARN_QUOTED_INCLUDE_IN_FRAMEWORK_HEADER = YES;
				CLANG_WARN_RANGE_LOOP_ANALYSIS = YES;
				CLANG_WARN_STRICT_PROTOTYPES = YES;
				CLANG_WARN_SUSPICIOUS_MOVE = YES;
				CLANG_WARN_UNGUARDED_AVAILABILITY = YES_AGGRESSIVE;
				CLANG_WARN_UNREACHABLE_CODE = YES;
				CLANG_WARN__DUPLICATE_METHOD_MATCH = YES;
				COPY_PHASE_STRIP = NO;
				DEBUG_INFORMATION_FORMAT = dwarf;
				ENABLE_STRICT_OBJC_MSGSEND = YES;
				ENABLE_TESTABILITY = YES;
				ENABLE_USER_SCRIPT_SANDBOXING = YES;
				GCC_C_LANGUAGE_STANDARD = gnu17;
				GCC_DYNAMIC_NO_PIC = NO;
				GCC_NO_COMMON_BLOCKS = YES;
				GCC_OPTIMIZATION_LEVEL = 0;
				GCC_PREPROCESSOR_DEFINITIONS = (
					"DEBUG=1",
					"$(inherited)",
				);
				GCC_WARN_64_TO_32_BIT_CONVERSION = YES;
				GCC_WARN_ABOUT_RETURN_TYPE = YES_ERROR;
				GCC_WARN_UNDECLARED_SELECTOR = YES;
				GCC_WARN_UNINITIALIZED_AUTOS = YES_AGGRESSIVE;
				GCC_WARN_UNUSED_FUNCTION = YES;
				GCC_WARN_UNUSED_VARIABLE = YES;
				IPHONEOS_DEPLOYMENT_TARGET = 17.5;
				LOCALIZATION_PREFERS_STRING_CATALOGS = YES;
				MTL_ENABLE_DEBUG_INFO = INCLUDE_SOURCE;
				MTL_FAST_MATH = YES;
				ONLY_ACTIVE_ARCH = YES;
				SDKROOT = iphoneos;
				SWIFT_ACTIVE_COMPILATION_CONDITIONS = "DEBUG $(inherited)";
				SWIFT_OPTIMIZATION_LEVEL = "-Onone";
			};
			name = Debug;
		};
		6E28E6652C45B22C00AAA97C /* Release */ = {
			isa = XCBuildConfiguration;
			buildSettings = {
				ALWAYS_SEARCH_USER_PATHS = NO;
				ASSETCATALOG_COMPILER_GENERATE_SWIFT_ASSET_SYMBOL_EXTENSIONS = YES;
				CLANG_ANALYZER_NONNULL = YES;
				CLANG_ANALYZER_NUMBER_OBJECT_CONVERSION = YES_AGGRESSIVE;
				CLANG_CXX_LANGUAGE_STANDARD = "gnu++20";
				CLANG_ENABLE_MODULES = YES;
				CLANG_ENABLE_OBJC_ARC = YES;
				CLANG_ENABLE_OBJC_WEAK = YES;
				CLANG_WARN_BLOCK_CAPTURE_AUTORELEASING = YES;
				CLANG_WARN_BOOL_CONVERSION = YES;
				CLANG_WARN_COMMA = YES;
				CLANG_WARN_CONSTANT_CONVERSION = YES;
				CLANG_WARN_DEPRECATED_OBJC_IMPLEMENTATIONS = YES;
				CLANG_WARN_DIRECT_OBJC_ISA_USAGE = YES_ERROR;
				CLANG_WARN_DOCUMENTATION_COMMENTS = YES;
				CLANG_WARN_EMPTY_BODY = YES;
				CLANG_WARN_ENUM_CONVERSION = YES;
				CLANG_WARN_INFINITE_RECURSION = YES;
				CLANG_WARN_INT_CONVERSION = YES;
				CLANG_WARN_NON_LITERAL_NULL_CONVERSION = YES;
				CLANG_WARN_OBJC_IMPLICIT_RETAIN_SELF = YES;
				CLANG_WARN_OBJC_LITERAL_CONVERSION = YES;
				CLANG_WARN_OBJC_ROOT_CLASS = YES_ERROR;
				CLANG_WARN_QUOTED_INCLUDE_IN_FRAMEWORK_HEADER = YES;
				CLANG_WARN_RANGE_LOOP_ANALYSIS = YES;
				CLANG_WARN_STRICT_PROTOTYPES = YES;
				CLANG_WARN_SUSPICIOUS_MOVE = YES;
				CLANG_WARN_UNGUARDED_AVAILABILITY = YES_AGGRESSIVE;
				CLANG_WARN_UNREACHABLE_CODE = YES;
				CLANG_WARN__DUPLICATE_METHOD_MATCH = YES;
				COPY_PHASE_STRIP = NO;
				DEBUG_INFORMATION_FORMAT = "dwarf-with-dsym";
				ENABLE_NS_ASSERTIONS = NO;
				ENABLE_STRICT_OBJC_MSGSEND = YES;
				ENABLE_USER_SCRIPT_SANDBOXING = YES;
				GCC_C_LANGUAGE_STANDARD = gnu17;
				GCC_NO_COMMON_BLOCKS = YES;
				GCC_WARN_64_TO_32_BIT_CONVERSION = YES;
				GCC_WARN_ABOUT_RETURN_TYPE = YES_ERROR;
				GCC_WARN_UNDECLARED_SELECTOR = YES;
				GCC_WARN_UNINITIALIZED_AUTOS = YES_AGGRESSIVE;
				GCC_WARN_UNUSED_FUNCTION = YES;
				GCC_WARN_UNUSED_VARIABLE = YES;
				IPHONEOS_DEPLOYMENT_TARGET = 17.5;
				LOCALIZATION_PREFERS_STRING_CATALOGS = YES;
				MTL_ENABLE_DEBUG_INFO = NO;
				MTL_FAST_MATH = YES;
				SDKROOT = iphoneos;
				SWIFT_COMPILATION_MODE = wholemodule;
				VALIDATE_PRODUCT = YES;
			};
			name = Release;
		};
		6E28E6672C45B22C00AAA97C /* Debug */ = {
			isa = XCBuildConfiguration;
			buildSettings = {
				ASSETCATALOG_COMPILER_APPICON_NAME = AppIcon;
				ASSETCATALOG_COMPILER_GLOBAL_ACCENT_COLOR_NAME = AccentColor;
				CODE_SIGN_STYLE = Automatic;
				CURRENT_PROJECT_VERSION = 1;
				DEVELOPMENT_ASSET_PATHS = "\"ColorTestApp/Preview Content\"";
				ENABLE_PREVIEWS = YES;
				GENERATE_INFOPLIST_FILE = YES;
				INFOPLIST_KEY_UIApplicationSceneManifest_Generation = YES;
				INFOPLIST_KEY_UIApplicationSupportsIndirectInputEvents = YES;
				INFOPLIST_KEY_UILaunchScreen_Generation = YES;
				INFOPLIST_KEY_UISupportedInterfaceOrientations_iPad = "UIInterfaceOrientationPortrait UIInterfaceOrientationPortraitUpsideDown UIInterfaceOrientationLandscapeLeft UIInterfaceOrientationLandscapeRight";
				INFOPLIST_KEY_UISupportedInterfaceOrientations_iPhone = "UIInterfaceOrientationPortrait UIInterfaceOrientationLandscapeLeft UIInterfaceOrientationLandscapeRight";
				LD_RUNPATH_SEARCH_PATHS = (
					"$(inherited)",
					"@executable_path/Frameworks",
				);
				MARKETING_VERSION = 1.0;
				PRODUCT_BUNDLE_IDENTIFIER = com.Daniel.ColorTestApp;
				PRODUCT_NAME = "$(TARGET_NAME)";
				SWIFT_EMIT_LOC_STRINGS = YES;
				SWIFT_VERSION = 5.0;
				TARGETED_DEVICE_FAMILY = "1,2";
			};
			name = Debug;
		};
		6E28E6682C45B22C00AAA97C /* Release */ = {
			isa = XCBuildConfiguration;
			buildSettings = {
				ASSETCATALOG_COMPILER_APPICON_NAME = AppIcon;
				ASSETCATALOG_COMPILER_GLOBAL_ACCENT_COLOR_NAME = AccentColor;
				CODE_SIGN_STYLE = Automatic;
				CURRENT_PROJECT_VERSION = 1;
				DEVELOPMENT_ASSET_PATHS = "\"ColorTestApp/Preview Content\"";
				ENABLE_PREVIEWS = YES;
				GENERATE_INFOPLIST_FILE = YES;
				INFOPLIST_KEY_UIApplicationSceneManifest_Generation = YES;
				INFOPLIST_KEY_UIApplicationSupportsIndirectInputEvents = YES;
				INFOPLIST_KEY_UILaunchScreen_Generation = YES;
				INFOPLIST_KEY_UISupportedInterfaceOrientations_iPad = "UIInterfaceOrientationPortrait UIInterfaceOrientationPortraitUpsideDown UIInterfaceOrientationLandscapeLeft UIInterfaceOrientationLandscapeRight";
				INFOPLIST_KEY_UISupportedInterfaceOrientations_iPhone = "UIInterfaceOrientationPortrait UIInterfaceOrientationLandscapeLeft UIInterfaceOrientationLandscapeRight";
				LD_RUNPATH_SEARCH_PATHS = (
					"$(inherited)",
					"@executable_path/Frameworks",
				);
				MARKETING_VERSION = 1.0;
				PRODUCT_BUNDLE_IDENTIFIER = com.Daniel.ColorTestApp;
				PRODUCT_NAME = "$(TARGET_NAME)";
				SWIFT_EMIT_LOC_STRINGS = YES;
				SWIFT_VERSION = 5.0;
				TARGETED_DEVICE_FAMILY = "1,2";
			};
			name = Release;
		};
		6E28E66A2C45B22C00AAA97C /* Debug */ = {
			isa = XCBuildConfiguration;
			buildSettings = {
				ALWAYS_EMBED_SWIFT_STANDARD_LIBRARIES = YES;
				BUNDLE_LOADER = "$(TEST_HOST)";
				CODE_SIGN_STYLE = Automatic;
				CURRENT_PROJECT_VERSION = 1;
				GENERATE_INFOPLIST_FILE = YES;
				IPHONEOS_DEPLOYMENT_TARGET = 17.5;
				MARKETING_VERSION = 1.0;
				PRODUCT_BUNDLE_IDENTIFIER = com.Daniel.ColorTestAppTests;
				PRODUCT_NAME = "$(TARGET_NAME)";
				SWIFT_EMIT_LOC_STRINGS = NO;
				SWIFT_VERSION = 5.0;
				TARGETED_DEVICE_FAMILY = "1,2";
				TEST_HOST = "$(BUILT_PRODUCTS_DIR)/ColorTestApp.app/$(BUNDLE_EXECUTABLE_FOLDER_PATH)/ColorTestApp";
			};
			name = Debug;
		};
		6E28E66B2C45B22C00AAA97C /* Release */ = {
			isa = XCBuildConfiguration;
			buildSettings = {
				ALWAYS_EMBED_SWIFT_STANDARD_LIBRARIES = YES;
				BUNDLE_LOADER = "$(TEST_HOST)";
				CODE_SIGN_STYLE = Automatic;
				CURRENT_PROJECT_VERSION = 1;
				GENERATE_INFOPLIST_FILE = YES;
				IPHONEOS_DEPLOYMENT_TARGET = 17.5;
				MARKETING_VERSION = 1.0;
				PRODUCT_BUNDLE_IDENTIFIER = com.Daniel.ColorTestAppTests;
				PRODUCT_NAME = "$(TARGET_NAME)";
				SWIFT_EMIT_LOC_STRINGS = NO;
				SWIFT_VERSION = 5.0;
				TARGETED_DEVICE_FAMILY = "1,2";
				TEST_HOST = "$(BUILT_PRODUCTS_DIR)/ColorTestApp.app/$(BUNDLE_EXECUTABLE_FOLDER_PATH)/ColorTestApp";
			};
			name = Release;
		};
		6E28E66D2C45B22C00AAA97C /* Debug */ = {
			isa = XCBuildConfiguration;
			buildSettings = {
				ALWAYS_EMBED_SWIFT_STANDARD_LIBRARIES = YES;
				CODE_SIGN_STYLE = Automatic;
				CURRENT_PROJECT_VERSION = 1;
				GENERATE_INFOPLIST_FILE = YES;
				MARKETING_VERSION = 1.0;
				PRODUCT_BUNDLE_IDENTIFIER = com.Daniel.ColorTestAppUITests;
				PRODUCT_NAME = "$(TARGET_NAME)";
				SWIFT_EMIT_LOC_STRINGS = NO;
				SWIFT_VERSION = 5.0;
				TARGETED_DEVICE_FAMILY = "1,2";
				TEST_TARGET_NAME = ColorTestApp;
			};
			name = Debug;
		};
		6E28E66E2C45B22C00AAA97C /* Release */ = {
			isa = XCBuildConfiguration;
			buildSettings = {
				ALWAYS_EMBED_SWIFT_STANDARD_LIBRARIES = YES;
				CODE_SIGN_STYLE = Automatic;
				CURRENT_PROJECT_VERSION = 1;
				GENERATE_INFOPLIST_FILE = YES;
				MARKETING_VERSION = 1.0;
				PRODUCT_BUNDLE_IDENTIFIER = com.Daniel.ColorTestAppUITests;
				PRODUCT_NAME = "$(TARGET_NAME)";
				SWIFT_EMIT_LOC_STRINGS = NO;
				SWIFT_VERSION = 5.0;
				TARGETED_DEVICE_FAMILY = "1,2";
				TEST_TARGET_NAME = ColorTestApp;
			};
			name = Release;
		};
/* End XCBuildConfiguration section */

/* Begin XCConfigurationList section */
		6E28E63D2C45B22B00AAA97C /* Build configuration list for PBXProject "ColorTestApp" */ = {
			isa = XCConfigurationList;
			buildConfigurations = (
				6E28E6642C45B22C00AAA97C /* Debug */,
				6E28E6652C45B22C00AAA97C /* Release */,
			);
			defaultConfigurationIsVisible = 0;
			defaultConfigurationName = Release;
		};
		6E28E6662C45B22C00AAA97C /* Build configuration list for PBXNativeTarget "ColorTestApp" */ = {
			isa = XCConfigurationList;
			buildConfigurations = (
				6E28E6672C45B22C00AAA97C /* Debug */,
				6E28E6682C45B22C00AAA97C /* Release */,
			);
			defaultConfigurationIsVisible = 0;
			defaultConfigurationName = Release;
		};
		6E28E6692C45B22C00AAA97C /* Build configuration list for PBXNativeTarget "ColorTestAppTests" */ = {
			isa = XCConfigurationList;
			buildConfigurations = (
				6E28E66A2C45B22C00AAA97C /* Debug */,
				6E28E66B2C45B22C00AAA97C /* Release */,
			);
			defaultConfigurationIsVisible = 0;
			defaultConfigurationName = Release;
		};
		6E28E66C2C45B22C00AAA97C /* Build configuration list for PBXNativeTarget "ColorTestAppUITests" */ = {
			isa = XCConfigurationList;
			buildConfigurations = (
				6E28E66D2C45B22C00AAA97C /* Debug */,
				6E28E66E2C45B22C00AAA97C /* Release */,
			);
			defaultConfigurationIsVisible = 0;
			defaultConfigurationName = Release;
		};
/* End XCConfigurationList section */
	};
	rootObject = 6E28E63A2C45B22B00AAA97C /* Project object */;
}
